// !$*UTF8*$!
{
	archiveVersion = 1;
	classes = {
	};
	objectVersion = 50;
	objects = {

/* Begin PBXBuildFile section */
		A42CB77821D78E16006E9A03 /* FornisciRichiediController.swift in Sources */ = {isa = PBXBuildFile; fileRef = A42CB77721D78E16006E9A03 /* FornisciRichiediController.swift */; };
		A42CB77A21D7BD44006E9A03 /* GoogleService-Info.plist in Resources */ = {isa = PBXBuildFile; fileRef = A42CB77921D7BD44006E9A03 /* GoogleService-Info.plist */; };
		A4360000219AD77D007AAF60 /* AppDelegate.swift in Sources */ = {isa = PBXBuildFile; fileRef = A436FFFF219AD77D007AAF60 /* AppDelegate.swift */; };
		A4360002219AD77D007AAF60 /* loginController.swift in Sources */ = {isa = PBXBuildFile; fileRef = A4360001219AD77D007AAF60 /* loginController.swift */; };
		A4360007219AD77F007AAF60 /* Assets.xcassets in Resources */ = {isa = PBXBuildFile; fileRef = A4360006219AD77F007AAF60 /* Assets.xcassets */; };
		A436000A219AD77F007AAF60 /* LaunchScreen.storyboard in Resources */ = {isa = PBXBuildFile; fileRef = A4360008219AD77F007AAF60 /* LaunchScreen.storyboard */; };
		A4360012219AD7B8007AAF60 /* Navigation.swift in Sources */ = {isa = PBXBuildFile; fileRef = A4360011219AD7B8007AAF60 /* Navigation.swift */; };
		A46986E32209F5A10062A309 /* spendiController.swift in Sources */ = {isa = PBXBuildFile; fileRef = A46986E22209F5A10062A309 /* spendiController.swift */; };
		A48D608B21D6EC9400C39DF7 /* BdtCell.swift in Sources */ = {isa = PBXBuildFile; fileRef = A48D608A21D6EC9400C39DF7 /* BdtCell.swift */; };
		A495C96621FD157000DDC8CD /* feedbackCell.swift in Sources */ = {isa = PBXBuildFile; fileRef = A495C96521FD157000DDC8CD /* feedbackCell.swift */; };
		A495C96821FDE2C200DDC8CD /* feedbackController.swift in Sources */ = {isa = PBXBuildFile; fileRef = A495C96721FDE2C200DDC8CD /* feedbackController.swift */; };
		A495C96A21FE029400DDC8CD /* myProfileCell.swift in Sources */ = {isa = PBXBuildFile; fileRef = A495C96921FE029400DDC8CD /* myProfileCell.swift */; };
		A4A40FDE219AFBEF0012A7F4 /* guadagnaController.swift in Sources */ = {isa = PBXBuildFile; fileRef = A4A40FDD219AFBEF0012A7F4 /* guadagnaController.swift */; };
		A4A40FE2219EE8870012A7F4 /* TabBarController.swift in Sources */ = {isa = PBXBuildFile; fileRef = A4A40FE1219EE8870012A7F4 /* TabBarController.swift */; };
		A4A40FE4219EF1120012A7F4 /* profileController.swift in Sources */ = {isa = PBXBuildFile; fileRef = A4A40FE3219EF1120012A7F4 /* profileController.swift */; };
		A4D48DBE21FB3A490045D34D /* serviceController.swift in Sources */ = {isa = PBXBuildFile; fileRef = A4D48DBD21FB3A490045D34D /* serviceController.swift */; };
		A4D48DC121FB4ED90045D34D /* FoaCell.swift in Sources */ = {isa = PBXBuildFile; fileRef = A4D48DC021FB4ED90045D34D /* FoaCell.swift */; };
		A4D48DC321FB7A130045D34D /* detailPostSearch.swift in Sources */ = {isa = PBXBuildFile; fileRef = A4D48DC221FB7A130045D34D /* detailPostSearch.swift */; };
		A4F706A621C7D23F0018DCE1 /* addController.swift in Sources */ = {isa = PBXBuildFile; fileRef = A4F706A521C7D23F0018DCE1 /* addController.swift */; };
		A4F706A921C7D3AA0018DCE1 /* extension.swift in Sources */ = {isa = PBXBuildFile; fileRef = A4F706A821C7D3AA0018DCE1 /* extension.swift */; };
		A4F8B36621FCA963008F72F5 /* openedProfile.swift in Sources */ = {isa = PBXBuildFile; fileRef = A4F8B36521FCA963008F72F5 /* openedProfile.swift */; };
		BBA5E0234E0FE794FE29E355 /* Pods_Test_Navigation.framework in Frameworks */ = {isa = PBXBuildFile; fileRef = 4ED57840F49C26B0C3088BD1 /* Pods_Test_Navigation.framework */; };
/* End PBXBuildFile section */

/* Begin PBXFileReference section */
		169E1EFAA5FF9AB2E45AA33D /* Pods-Test Navigation.release.xcconfig */ = {isa = PBXFileReference; includeInIndex = 1; lastKnownFileType = text.xcconfig; name = "Pods-Test Navigation.release.xcconfig"; path = "Pods/Target Support Files/Pods-Test Navigation/Pods-Test Navigation.release.xcconfig"; sourceTree = "<group>"; };
		1AA37D7E36765ABA3C0F561A /* Pods-Test Navigation.debug.xcconfig */ = {isa = PBXFileReference; includeInIndex = 1; lastKnownFileType = text.xcconfig; name = "Pods-Test Navigation.debug.xcconfig"; path = "Pods/Target Support Files/Pods-Test Navigation/Pods-Test Navigation.debug.xcconfig"; sourceTree = "<group>"; };
		4ED57840F49C26B0C3088BD1 /* Pods_Test_Navigation.framework */ = {isa = PBXFileReference; explicitFileType = wrapper.framework; includeInIndex = 0; path = Pods_Test_Navigation.framework; sourceTree = BUILT_PRODUCTS_DIR; };
		A42CB77721D78E16006E9A03 /* FornisciRichiediController.swift */ = {isa = PBXFileReference; lastKnownFileType = sourcecode.swift; path = FornisciRichiediController.swift; sourceTree = "<group>"; };
		A42CB77921D7BD44006E9A03 /* GoogleService-Info.plist */ = {isa = PBXFileReference; fileEncoding = 4; lastKnownFileType = text.plist.xml; path = "GoogleService-Info.plist"; sourceTree = "<group>"; };
		A4360001219AD77D007AAF60 /* loginController.swift */ = {isa = PBXFileReference; lastKnownFileType = sourcecode.swift; path = loginController.swift; sourceTree = "<group>"; };
		A4360006219AD77F007AAF60 /* Assets.xcassets */ = {isa = PBXFileReference; lastKnownFileType = folder.assetcatalog; path = Assets.xcassets; sourceTree = "<group>"; };
		A4360009219AD77F007AAF60 /* Base */ = {isa = PBXFileReference; lastKnownFileType = file.storyboard; name = Base; path = Base.lproj/LaunchScreen.storyboard; sourceTree = "<group>"; };
		A436000B219AD77F007AAF60 /* Info.plist */ = {isa = PBXFileReference; lastKnownFileType = text.plist.xml; path = Info.plist; sourceTree = "<group>"; };
		A4360011219AD7B8007AAF60 /* Navigation.swift */ = {isa = PBXFileReference; lastKnownFileType = sourcecode.swift; path = Navigation.swift; sourceTree = "<group>"; };
		A436FFFC219AD77D007AAF60 /* Test Navigation.app */ = {isa = PBXFileReference; explicitFileType = wrapper.application; includeInIndex = 0; path = "Test Navigation.app"; sourceTree = BUILT_PRODUCTS_DIR; };
		A436FFFF219AD77D007AAF60 /* AppDelegate.swift */ = {isa = PBXFileReference; lastKnownFileType = sourcecode.swift; path = AppDelegate.swift; sourceTree = "<group>"; };
		A46986E22209F5A10062A309 /* spendiController.swift */ = {isa = PBXFileReference; lastKnownFileType = sourcecode.swift; path = spendiController.swift; sourceTree = "<group>"; };
		A48D608A21D6EC9400C39DF7 /* BdtCell.swift */ = {isa = PBXFileReference; lastKnownFileType = sourcecode.swift; path = BdtCell.swift; sourceTree = "<group>"; };
		A495C96521FD157000DDC8CD /* feedbackCell.swift */ = {isa = PBXFileReference; lastKnownFileType = sourcecode.swift; path = feedbackCell.swift; sourceTree = "<group>"; };
		A495C96721FDE2C200DDC8CD /* feedbackController.swift */ = {isa = PBXFileReference; lastKnownFileType = sourcecode.swift; path = feedbackController.swift; sourceTree = "<group>"; };
		A495C96921FE029400DDC8CD /* myProfileCell.swift */ = {isa = PBXFileReference; lastKnownFileType = sourcecode.swift; path = myProfileCell.swift; sourceTree = "<group>"; };
		A4A40FDD219AFBEF0012A7F4 /* guadagnaController.swift */ = {isa = PBXFileReference; lastKnownFileType = sourcecode.swift; path = guadagnaController.swift; sourceTree = "<group>"; };
		A4A40FE1219EE8870012A7F4 /* TabBarController.swift */ = {isa = PBXFileReference; lastKnownFileType = sourcecode.swift; path = TabBarController.swift; sourceTree = "<group>"; };
		A4A40FE3219EF1120012A7F4 /* profileController.swift */ = {isa = PBXFileReference; lastKnownFileType = sourcecode.swift; path = profileController.swift; sourceTree = "<group>"; };
		A4D48DBD21FB3A490045D34D /* serviceController.swift */ = {isa = PBXFileReference; lastKnownFileType = sourcecode.swift; path = serviceController.swift; sourceTree = "<group>"; };
		A4D48DC021FB4ED90045D34D /* FoaCell.swift */ = {isa = PBXFileReference; lastKnownFileType = sourcecode.swift; path = FoaCell.swift; sourceTree = "<group>"; };
		A4D48DC221FB7A130045D34D /* detailPostSearch.swift */ = {isa = PBXFileReference; lastKnownFileType = sourcecode.swift; path = detailPostSearch.swift; sourceTree = "<group>"; };
		A4F706A521C7D23F0018DCE1 /* addController.swift */ = {isa = PBXFileReference; lastKnownFileType = sourcecode.swift; path = addController.swift; sourceTree = "<group>"; };
		A4F706A821C7D3AA0018DCE1 /* extension.swift */ = {isa = PBXFileReference; lastKnownFileType = sourcecode.swift; path = extension.swift; sourceTree = "<group>"; };
		A4F8B36521FCA963008F72F5 /* openedProfile.swift */ = {isa = PBXFileReference; lastKnownFileType = sourcecode.swift; path = openedProfile.swift; sourceTree = "<group>"; };
/* End PBXFileReference section */

/* Begin PBXFrameworksBuildPhase section */
		A436FFF9219AD77D007AAF60 /* Frameworks */ = {
			isa = PBXFrameworksBuildPhase;
			buildActionMask = 2147483647;
			files = (
				BBA5E0234E0FE794FE29E355 /* Pods_Test_Navigation.framework in Frameworks */,
			);
			runOnlyForDeploymentPostprocessing = 0;
		};
/* End PBXFrameworksBuildPhase section */

/* Begin PBXGroup section */
		4B78F12336F1BC986BCEBB9B /* Pods */ = {
			isa = PBXGroup;
			children = (
				1AA37D7E36765ABA3C0F561A /* Pods-Test Navigation.debug.xcconfig */,
				169E1EFAA5FF9AB2E45AA33D /* Pods-Test Navigation.release.xcconfig */,
			);
			name = Pods;
			sourceTree = "<group>";
		};
		A436FFF3219AD77D007AAF60 = {
			isa = PBXGroup;
			children = (
				A436FFFE219AD77D007AAF60 /* Test Navigation */,
				A436FFFD219AD77D007AAF60 /* Products */,
				4B78F12336F1BC986BCEBB9B /* Pods */,
				E05CACD82A88848966327023 /* Frameworks */,
			);
			sourceTree = "<group>";
		};
		A436FFFD219AD77D007AAF60 /* Products */ = {
			isa = PBXGroup;
			children = (
				A436FFFC219AD77D007AAF60 /* Test Navigation.app */,
			);
			name = Products;
			sourceTree = "<group>";
		};
		A436FFFE219AD77D007AAF60 /* Test Navigation */ = {
			isa = PBXGroup;
			children = (
				A436FFFF219AD77D007AAF60 /* AppDelegate.swift */,
				A4360011219AD7B8007AAF60 /* Navigation.swift */,
				A4360001219AD77D007AAF60 /* loginController.swift */,
				A4A40FE1219EE8870012A7F4 /* TabBarController.swift */,
				A4F706A821C7D3AA0018DCE1 /* extension.swift */,
				A4F706A721C7D2640018DCE1 /* Tab Class */,
				A4360006219AD77F007AAF60 /* Assets.xcassets */,
				A4360008219AD77F007AAF60 /* LaunchScreen.storyboard */,
				A436000B219AD77F007AAF60 /* Info.plist */,
				A42CB77921D7BD44006E9A03 /* GoogleService-Info.plist */,
			);
			path = "Test Navigation";
			sourceTree = "<group>";
		};
		A495C96421FCD8F900DDC8CD /* Profili proposti */ = {
			isa = PBXGroup;
			children = (
				A4F8B36521FCA963008F72F5 /* openedProfile.swift */,
				A495C96521FD157000DDC8CD /* feedbackCell.swift */,
			);
			path = "Profili proposti";
			sourceTree = "<group>";
		};
		A495C96B21FE02C800DDC8CD /* Profilo */ = {
			isa = PBXGroup;
			children = (
				A4A40FE3219EF1120012A7F4 /* profileController.swift */,
				A495C96921FE029400DDC8CD /* myProfileCell.swift */,
			);
			path = Profilo;
			sourceTree = "<group>";
		};
		A49E9EE121D8075100E7844C /* Guadagna e Spendi */ = {
			isa = PBXGroup;
			children = (
				A4F706A521C7D23F0018DCE1 /* addController.swift */,
				A42CB77721D78E16006E9A03 /* FornisciRichiediController.swift */,
			);
			path = "Guadagna e Spendi";
			sourceTree = "<group>";
		};
		A49E9EE221D8076200E7844C /* Guadagna */ = {
			isa = PBXGroup;
			children = (
				A4A40FDD219AFBEF0012A7F4 /* guadagnaController.swift */,
				A46986E22209F5A10062A309 /* spendiController.swift */,
				A48D608A21D6EC9400C39DF7 /* BdtCell.swift */,
				A4D48DC221FB7A130045D34D /* detailPostSearch.swift */,
				A49E9EE121D8075100E7844C /* Guadagna e Spendi */,
				A495C96421FCD8F900DDC8CD /* Profili proposti */,
			);
			path = Guadagna;
			sourceTree = "<group>";
		};
		A4D48DBF21FB44740045D34D /* Servizi */ = {
			isa = PBXGroup;
			children = (
				A4D48DBD21FB3A490045D34D /* serviceController.swift */,
				A495C96721FDE2C200DDC8CD /* feedbackController.swift */,
				A4D48DC021FB4ED90045D34D /* FoaCell.swift */,
			);
			path = Servizi;
			sourceTree = "<group>";
		};
		A4F706A721C7D2640018DCE1 /* Tab Class */ = {
			isa = PBXGroup;
			children = (
				A49E9EE221D8076200E7844C /* Guadagna */,
				A4D48DBF21FB44740045D34D /* Servizi */,
				A495C96B21FE02C800DDC8CD /* Profilo */,
			);
			path = "Tab Class";
			sourceTree = "<group>";
		};
		E05CACD82A88848966327023 /* Frameworks */ = {
			isa = PBXGroup;
			children = (
				4ED57840F49C26B0C3088BD1 /* Pods_Test_Navigation.framework */,
			);
			name = Frameworks;
			sourceTree = "<group>";
		};
/* End PBXGroup section */

/* Begin PBXNativeTarget section */
		A436FFFB219AD77D007AAF60 /* Test Navigation */ = {
			isa = PBXNativeTarget;
			buildConfigurationList = A436000E219AD77F007AAF60 /* Build configuration list for PBXNativeTarget "Test Navigation" */;
			buildPhases = (
				F00CB893E2DC814293061979 /* [CP] Check Pods Manifest.lock */,
				A436FFF8219AD77D007AAF60 /* Sources */,
				A436FFF9219AD77D007AAF60 /* Frameworks */,
				A436FFFA219AD77D007AAF60 /* Resources */,
				E824643369BA534220D26733 /* [CP] Embed Pods Frameworks */,
			);
			buildRules = (
			);
			dependencies = (
			);
			name = "Test Navigation";
			productName = "Test Navigation";
			productReference = A436FFFC219AD77D007AAF60 /* Test Navigation.app */;
			productType = "com.apple.product-type.application";
		};
/* End PBXNativeTarget section */

/* Begin PBXProject section */
		A436FFF4219AD77D007AAF60 /* Project object */ = {
			isa = PBXProject;
			attributes = {
				LastSwiftUpdateCheck = 1000;
				LastUpgradeCheck = 1000;
				ORGANIZATIONNAME = "Marius Lazar";
				TargetAttributes = {
					A436FFFB219AD77D007AAF60 = {
						CreatedOnToolsVersion = 10.0;
					};
				};
			};
			buildConfigurationList = A436FFF7219AD77D007AAF60 /* Build configuration list for PBXProject "Test Navigation" */;
			compatibilityVersion = "Xcode 9.3";
			developmentRegion = en;
			hasScannedForEncodings = 0;
			knownRegions = (
				en,
				Base,
				it,
			);
			mainGroup = A436FFF3219AD77D007AAF60;
			productRefGroup = A436FFFD219AD77D007AAF60 /* Products */;
			projectDirPath = "";
			projectRoot = "";
			targets = (
				A436FFFB219AD77D007AAF60 /* Test Navigation */,
			);
		};
/* End PBXProject section */

/* Begin PBXResourcesBuildPhase section */
		A436FFFA219AD77D007AAF60 /* Resources */ = {
			isa = PBXResourcesBuildPhase;
			buildActionMask = 2147483647;
			files = (
				A436000A219AD77F007AAF60 /* LaunchScreen.storyboard in Resources */,
				A4360007219AD77F007AAF60 /* Assets.xcassets in Resources */,
				A42CB77A21D7BD44006E9A03 /* GoogleService-Info.plist in Resources */,
			);
			runOnlyForDeploymentPostprocessing = 0;
		};
/* End PBXResourcesBuildPhase section */

/* Begin PBXShellScriptBuildPhase section */
		E824643369BA534220D26733 /* [CP] Embed Pods Frameworks */ = {
			isa = PBXShellScriptBuildPhase;
			buildActionMask = 2147483647;
			files = (
			);
			inputPaths = (
				"${SRCROOT}/Pods/Target Support Files/Pods-Test Navigation/Pods-Test Navigation-frameworks.sh",
				"${BUILT_PRODUCTS_DIR}/Cosmos/Cosmos.framework",
				"${BUILT_PRODUCTS_DIR}/GTMSessionFetcher/GTMSessionFetcher.framework",
				"${BUILT_PRODUCTS_DIR}/GoogleUtilities/GoogleUtilities.framework",
				"${BUILT_PRODUCTS_DIR}/leveldb-library/leveldb.framework",
				"${BUILT_PRODUCTS_DIR}/nanopb/nanopb.framework",
			);
			name = "[CP] Embed Pods Frameworks";
			outputPaths = (
				"${TARGET_BUILD_DIR}/${FRAMEWORKS_FOLDER_PATH}/Cosmos.framework",
				"${TARGET_BUILD_DIR}/${FRAMEWORKS_FOLDER_PATH}/GTMSessionFetcher.framework",
				"${TARGET_BUILD_DIR}/${FRAMEWORKS_FOLDER_PATH}/GoogleUtilities.framework",
				"${TARGET_BUILD_DIR}/${FRAMEWORKS_FOLDER_PATH}/leveldb.framework",
				"${TARGET_BUILD_DIR}/${FRAMEWORKS_FOLDER_PATH}/nanopb.framework",
			);
			runOnlyForDeploymentPostprocessing = 0;
			shellPath = /bin/sh;
			shellScript = "\"${SRCROOT}/Pods/Target Support Files/Pods-Test Navigation/Pods-Test Navigation-frameworks.sh\"\n";
			showEnvVarsInLog = 0;
		};
		F00CB893E2DC814293061979 /* [CP] Check Pods Manifest.lock */ = {
			isa = PBXShellScriptBuildPhase;
			buildActionMask = 2147483647;
			files = (
			);
			inputPaths = (
				"${PODS_PODFILE_DIR_PATH}/Podfile.lock",
				"${PODS_ROOT}/Manifest.lock",
			);
			name = "[CP] Check Pods Manifest.lock";
			outputPaths = (
				"$(DERIVED_FILE_DIR)/Pods-Test Navigation-checkManifestLockResult.txt",
			);
			runOnlyForDeploymentPostprocessing = 0;
			shellPath = /bin/sh;
			shellScript = "diff \"${PODS_PODFILE_DIR_PATH}/Podfile.lock\" \"${PODS_ROOT}/Manifest.lock\" > /dev/null\nif [ $? != 0 ] ; then\n    # print error to STDERR\n    echo \"error: The sandbox is not in sync with the Podfile.lock. Run 'pod install' or update your CocoaPods installation.\" >&2\n    exit 1\nfi\n# This output is used by Xcode 'outputs' to avoid re-running this script phase.\necho \"SUCCESS\" > \"${SCRIPT_OUTPUT_FILE_0}\"\n";
			showEnvVarsInLog = 0;
		};
/* End PBXShellScriptBuildPhase section */

/* Begin PBXSourcesBuildPhase section */
		A436FFF8219AD77D007AAF60 /* Sources */ = {
			isa = PBXSourcesBuildPhase;
			buildActionMask = 2147483647;
			files = (
				A4F8B36621FCA963008F72F5 /* openedProfile.swift in Sources */,
				A4A40FDE219AFBEF0012A7F4 /* guadagnaController.swift in Sources */,
				A46986E32209F5A10062A309 /* spendiController.swift in Sources */,
				A4A40FE2219EE8870012A7F4 /* TabBarController.swift in Sources */,
				A48D608B21D6EC9400C39DF7 /* BdtCell.swift in Sources */,
				A4360012219AD7B8007AAF60 /* Navigation.swift in Sources */,
				A4F706A921C7D3AA0018DCE1 /* extension.swift in Sources */,
				A4F706A621C7D23F0018DCE1 /* addController.swift in Sources */,
				A42CB77821D78E16006E9A03 /* FornisciRichiediController.swift in Sources */,
				A4A40FE4219EF1120012A7F4 /* profileController.swift in Sources */,
				A4360002219AD77D007AAF60 /* loginController.swift in Sources */,
				A495C96621FD157000DDC8CD /* feedbackCell.swift in Sources */,
				A4D48DC321FB7A130045D34D /* detailPostSearch.swift in Sources */,
				A495C96A21FE029400DDC8CD /* myProfileCell.swift in Sources */,
				A495C96821FDE2C200DDC8CD /* feedbackController.swift in Sources */,
				A4D48DBE21FB3A490045D34D /* serviceController.swift in Sources */,
				A4D48DC121FB4ED90045D34D /* FoaCell.swift in Sources */,
				A4360000219AD77D007AAF60 /* AppDelegate.swift in Sources */,
			);
			runOnlyForDeploymentPostprocessing = 0;
		};
/* End PBXSourcesBuildPhase section */

/* Begin PBXVariantGroup section */
		A4360008219AD77F007AAF60 /* LaunchScreen.storyboard */ = {
			isa = PBXVariantGroup;
			children = (
				A4360009219AD77F007AAF60 /* Base */,
			);
			name = LaunchScreen.storyboard;
			sourceTree = "<group>";
		};
/* End PBXVariantGroup section */

/* Begin XCBuildConfiguration section */
		A436000C219AD77F007AAF60 /* Debug */ = {
			isa = XCBuildConfiguration;
			buildSettings = {
				ALWAYS_SEARCH_USER_PATHS = NO;
				CLANG_ANALYZER_LOCALIZABILITY_NONLOCALIZED = YES;
				CLANG_ANALYZER_NONNULL = YES;
				CLANG_ANALYZER_NUMBER_OBJECT_CONVERSION = YES_AGGRESSIVE;
				CLANG_CXX_LANGUAGE_STANDARD = "gnu++14";
				CLANG_CXX_LIBRARY = "libc++";
				CLANG_ENABLE_MODULES = YES;
				CLANG_ENABLE_OBJC_ARC = YES;
				CLANG_ENABLE_OBJC_WEAK = YES;
				CLANG_WARN_BLOCK_CAPTURE_AUTORELEASING = YES;
				CLANG_WARN_BOOL_CONVERSION = YES;
				CLANG_WARN_COMMA = YES;
				CLANG_WARN_CONSTANT_CONVERSION = YES;
				CLANG_WARN_DEPRECATED_OBJC_IMPLEMENTATIONS = YES;
				CLANG_WARN_DIRECT_OBJC_ISA_USAGE = YES_ERROR;
				CLANG_WARN_DOCUMENTATION_COMMENTS = YES;
				CLANG_WARN_EMPTY_BODY = YES;
				CLANG_WARN_ENUM_CONVERSION = YES;
				CLANG_WARN_INFINITE_RECURSION = YES;
				CLANG_WARN_INT_CONVERSION = YES;
				CLANG_WARN_NON_LITERAL_NULL_CONVERSION = YES;
				CLANG_WARN_OBJC_IMPLICIT_RETAIN_SELF = YES;
				CLANG_WARN_OBJC_LITERAL_CONVERSION = YES;
				CLANG_WARN_OBJC_ROOT_CLASS = YES_ERROR;
				CLANG_WARN_RANGE_LOOP_ANALYSIS = YES;
				CLANG_WARN_STRICT_PROTOTYPES = YES;
				CLANG_WARN_SUSPICIOUS_MOVE = YES;
				CLANG_WARN_UNGUARDED_AVAILABILITY = YES_AGGRESSIVE;
				CLANG_WARN_UNREACHABLE_CODE = YES;
				CLANG_WARN__DUPLICATE_METHOD_MATCH = YES;
				CODE_SIGN_IDENTITY = "iPhone Developer";
				COPY_PHASE_STRIP = NO;
				DEBUG_INFORMATION_FORMAT = dwarf;
				ENABLE_STRICT_OBJC_MSGSEND = YES;
				ENABLE_TESTABILITY = YES;
				GCC_C_LANGUAGE_STANDARD = gnu11;
				GCC_DYNAMIC_NO_PIC = NO;
				GCC_NO_COMMON_BLOCKS = YES;
				GCC_OPTIMIZATION_LEVEL = 0;
				GCC_PREPROCESSOR_DEFINITIONS = (
					"DEBUG=1",
					"$(inherited)",
				);
				GCC_WARN_64_TO_32_BIT_CONVERSION = YES;
				GCC_WARN_ABOUT_RETURN_TYPE = YES_ERROR;
				GCC_WARN_UNDECLARED_SELECTOR = YES;
				GCC_WARN_UNINITIALIZED_AUTOS = YES_AGGRESSIVE;
				GCC_WARN_UNUSED_FUNCTION = YES;
				GCC_WARN_UNUSED_VARIABLE = YES;
				IPHONEOS_DEPLOYMENT_TARGET = 12.0;
				MTL_ENABLE_DEBUG_INFO = INCLUDE_SOURCE;
				MTL_FAST_MATH = YES;
				ONLY_ACTIVE_ARCH = YES;
				SDKROOT = iphoneos;
				SWIFT_ACTIVE_COMPILATION_CONDITIONS = DEBUG;
				SWIFT_OPTIMIZATION_LEVEL = "-Onone";
			};
			name = Debug;
		};
		A436000D219AD77F007AAF60 /* Release */ = {
			isa = XCBuildConfiguration;
			buildSettings = {
				ALWAYS_SEARCH_USER_PATHS = NO;
				CLANG_ANALYZER_LOCALIZABILITY_NONLOCALIZED = YES;
				CLANG_ANALYZER_NONNULL = YES;
				CLANG_ANALYZER_NUMBER_OBJECT_CONVERSION = YES_AGGRESSIVE;
				CLANG_CXX_LANGUAGE_STANDARD = "gnu++14";
				CLANG_CXX_LIBRARY = "libc++";
				CLANG_ENABLE_MODULES = YES;
				CLANG_ENABLE_OBJC_ARC = YES;
				CLANG_ENABLE_OBJC_WEAK = YES;
				CLANG_WARN_BLOCK_CAPTURE_AUTORELEASING = YES;
				CLANG_WARN_BOOL_CONVERSION = YES;
				CLANG_WARN_COMMA = YES;
				CLANG_WARN_CONSTANT_CONVERSION = YES;
				CLANG_WARN_DEPRECATED_OBJC_IMPLEMENTATIONS = YES;
				CLANG_WARN_DIRECT_OBJC_ISA_USAGE = YES_ERROR;
				CLANG_WARN_DOCUMENTATION_COMMENTS = YES;
				CLANG_WARN_EMPTY_BODY = YES;
				CLANG_WARN_ENUM_CONVERSION = YES;
				CLANG_WARN_INFINITE_RECURSION = YES;
				CLANG_WARN_INT_CONVERSION = YES;
				CLANG_WARN_NON_LITERAL_NULL_CONVERSION = YES;
				CLANG_WARN_OBJC_IMPLICIT_RETAIN_SELF = YES;
				CLANG_WARN_OBJC_LITERAL_CONVERSION = YES;
				CLANG_WARN_OBJC_ROOT_CLASS = YES_ERROR;
				CLANG_WARN_RANGE_LOOP_ANALYSIS = YES;
				CLANG_WARN_STRICT_PROTOTYPES = YES;
				CLANG_WARN_SUSPICIOUS_MOVE = YES;
				CLANG_WARN_UNGUARDED_AVAILABILITY = YES_AGGRESSIVE;
				CLANG_WARN_UNREACHABLE_CODE = YES;
				CLANG_WARN__DUPLICATE_METHOD_MATCH = YES;
				CODE_SIGN_IDENTITY = "iPhone Developer";
				COPY_PHASE_STRIP = NO;
				DEBUG_INFORMATION_FORMAT = "dwarf-with-dsym";
				ENABLE_NS_ASSERTIONS = NO;
				ENABLE_STRICT_OBJC_MSGSEND = YES;
				GCC_C_LANGUAGE_STANDARD = gnu11;
				GCC_NO_COMMON_BLOCKS = YES;
				GCC_WARN_64_TO_32_BIT_CONVERSION = YES;
				GCC_WARN_ABOUT_RETURN_TYPE = YES_ERROR;
				GCC_WARN_UNDECLARED_SELECTOR = YES;
				GCC_WARN_UNINITIALIZED_AUTOS = YES_AGGRESSIVE;
				GCC_WARN_UNUSED_FUNCTION = YES;
				GCC_WARN_UNUSED_VARIABLE = YES;
				IPHONEOS_DEPLOYMENT_TARGET = 12.0;
				MTL_ENABLE_DEBUG_INFO = NO;
				MTL_FAST_MATH = YES;
				SDKROOT = iphoneos;
				SWIFT_COMPILATION_MODE = wholemodule;
				SWIFT_OPTIMIZATION_LEVEL = "-O";
				VALIDATE_PRODUCT = YES;
			};
			name = Release;
		};
		A436000F219AD77F007AAF60 /* Debug */ = {
			isa = XCBuildConfiguration;
			baseConfigurationReference = 1AA37D7E36765ABA3C0F561A /* Pods-Test Navigation.debug.xcconfig */;
			buildSettings = {
				ASSETCATALOG_COMPILER_APPICON_NAME = AppIcon;
				CODE_SIGN_STYLE = Automatic;
				DEVELOPMENT_TEAM = 983JKELL9A;
				INFOPLIST_FILE = "Test Navigation/Info.plist";
				IPHONEOS_DEPLOYMENT_TARGET = 9.0;
				LD_RUNPATH_SEARCH_PATHS = (
					"$(inherited)",
					"@executable_path/Frameworks",
				);
				PRODUCT_BUNDLE_IDENTIFIER = "MariusLazar.Test-Navigation";
				PRODUCT_NAME = "$(TARGET_NAME)";
				SWIFT_VERSION = 4.2;
				TARGETED_DEVICE_FAMILY = 1;
			};
			name = Debug;
		};
		A4360010219AD77F007AAF60 /* Release */ = {
			isa = XCBuildConfiguration;
			baseConfigurationReference = 169E1EFAA5FF9AB2E45AA33D /* Pods-Test Navigation.release.xcconfig */;
			buildSettings = {
				ASSETCATALOG_COMPILER_APPICON_NAME = AppIcon;
				CODE_SIGN_STYLE = Automatic;
				DEVELOPMENT_TEAM = 983JKELL9A;
				INFOPLIST_FILE = "Test Navigation/Info.plist";
				IPHONEOS_DEPLOYMENT_TARGET = 9.0;
				LD_RUNPATH_SEARCH_PATHS = (
					"$(inherited)",
					"@executable_path/Frameworks",
				);
				PRODUCT_BUNDLE_IDENTIFIER = "MariusLazar.Test-Navigation";
				PRODUCT_NAME = "$(TARGET_NAME)";
				SWIFT_VERSION = 4.2;
				TARGETED_DEVICE_FAMILY = 1;
			};
			name = Release;
		};
/* End XCBuildConfiguration section */

/* Begin XCConfigurationList section */
		A436000E219AD77F007AAF60 /* Build configuration list for PBXNativeTarget "Test Navigation" */ = {
			isa = XCConfigurationList;
			buildConfigurations = (
				A436000F219AD77F007AAF60 /* Debug */,
				A4360010219AD77F007AAF60 /* Release */,
			);
			defaultConfigurationIsVisible = 0;
			defaultConfigurationName = Release;
		};
		A436FFF7219AD77D007AAF60 /* Build configuration list for PBXProject "Test Navigation" */ = {
			isa = XCConfigurationList;
			buildConfigurations = (
				A436000C219AD77F007AAF60 /* Debug */,
				A436000D219AD77F007AAF60 /* Release */,
			);
			defaultConfigurationIsVisible = 0;
			defaultConfigurationName = Release;
		};
/* End XCConfigurationList section */
	};
	rootObject = A436FFF4219AD77D007AAF60 /* Project object */;
}
